
Microsoft Visual Studio Solution File, Format Version 11.00
# Visual Studio 2010
Project("{F184B08F-C81C-45F6-A57F-5ABD9991F28F}") = "Server", "Server\Server.vbproj", "{0E57B257-2FED-461D-8485-3D9D36423E5B}"
EndProject
Global
	GlobalSection(SolutionConfigurationPlatforms) = preSolution
		Debug|x86 = Debug|x86
		Release|x86 = Release|x86
	EndGlobalSection
	GlobalSection(ProjectConfigurationPlatforms) = postSolution
		{0E57B257-2FED-461D-8485-3D9D36423E5B}.Debug|x86.ActiveCfg = Debug|x86
		{0E57B257-2FED-461D-8485-3D9D36423E5B}.Debug|x86.Build.0 = Debug|x86
		{0E57B257-2FED-461D-8485-3D9D36423E5B}.Release|x86.ActiveCfg = Release|x86
		{0E57B257-2FED-461D-8485-3D9D36423E5B}.Release|x86.Build.0 = Release|x86
	EndGlobalSection
	GlobalSection(SolutionProperties) = preSolution
		HideSolutionNode = FALSE
	EndGlobalSection
EndGlobal
